{
  "version": "4",
  "redirects": {
    "https://deno.land/std/http/server.ts": "https://deno.land/std@0.224.0/http/server.ts"
  },
  "remote": {
    "https://deno.land/std@0.224.0/async/delay.ts": "f90dd685b97c2f142b8069082993e437b1602b8e2561134827eeb7c12b95c499",
    "https://deno.land/std@0.224.0/http/server.ts": "f9313804bf6467a1704f45f76cb6cd0a3396a3b31c316035e6a4c2035d1ea514"
  },
  "workspace": {
    "packageJson": {
      "dependencies": [
        "npm:@eslint/js@^9.17.0",
        "npm:@radix-ui/react-progress@^1.1.1",
        "npm:@radix-ui/react-slot@^1.1.1",
        "npm:@supabase/supabase-js@^2.48.1",
        "npm:@types/date-fns@^2.5.3",
        "npm:@types/node@^22.13.1",
        "npm:@types/react-dom@^18.3.5",
        "npm:@types/react@^18.3.18",
        "npm:@types/recharts@^1.8.29",
        "npm:@vitejs/plugin-react@^4.3.4",
        "npm:bootstrap-icons@^1.11.3",
        "npm:bootstrap@^5.3.3",
        "npm:class-variance-authority@~0.7.1",
        "npm:clsx@^2.1.1",
        "npm:date-fns@^4.1.0",
        "npm:eslint-plugin-react-hooks@5",
        "npm:eslint-plugin-react-refresh@~0.4.16",
        "npm:eslint@^9.17.0",
        "npm:globals@^15.14.0",
        "npm:lucide-react@0.474",
        "npm:react-bootstrap-icons@^1.11.5",
        "npm:react-bootstrap@^2.10.9",
        "npm:react-dom@^18.3.1",
        "npm:react@^18.3.1",
        "npm:recharts@^2.15.1",
        "npm:sass-embedded@^1.83.4",
        "npm:sass@^1.83.4",
        "npm:supabase@^2.9.6",
        "npm:typescript-eslint@^8.18.2",
        "npm:typescript@~5.6.2",
        "npm:vite@^6.0.11"
      ]
    }
  }
}
